// !$*UTF8*$!
{
	archiveVersion = 1;
	classes = {
	};
	objectVersion = 55;
	objects = {

/* Begin PBXBuildFile section */
		A9F0AADE2857D1EF001171F1 /* AppDelegate.swift in Sources */ = {isa = PBXBuildFile; fileRef = A9F0AADD2857D1EF001171F1 /* AppDelegate.swift */; };
		A9F0AAE02857D1EF001171F1 /* SceneDelegate.swift in Sources */ = {isa = PBXBuildFile; fileRef = A9F0AADF2857D1EF001171F1 /* SceneDelegate.swift */; };
		A9F0AAE22857D1EF001171F1 /* ViewController.swift in Sources */ = {isa = PBXBuildFile; fileRef = A9F0AAE12857D1EF001171F1 /* ViewController.swift */; };
		A9F0AAE52857D1EF001171F1 /* Main.storyboard in Resources */ = {isa = PBXBuildFile; fileRef = A9F0AAE32857D1EF001171F1 /* Main.storyboard */; };
		A9F0AAE72857D1F0001171F1 /* Assets.xcassets in Resources */ = {isa = PBXBuildFile; fileRef = A9F0AAE62857D1F0001171F1 /* Assets.xcassets */; };
		A9F0AAEA2857D1F0001171F1 /* LaunchScreen.storyboard in Resources */ = {isa = PBXBuildFile; fileRef = A9F0AAE82857D1F0001171F1 /* LaunchScreen.storyboard */; };
		A9F0AB072857DDB4001171F1 /* PreselectedPhotoUI in Frameworks */ = {isa = PBXBuildFile; productRef = A9F0AB062857DDB4001171F1 /* PreselectedPhotoUI */; };
/* End PBXBuildFile section */

/* Begin PBXFileReference section */
		A9F0AADA2857D1EF001171F1 /* SectablePhotoUIKit.app */ = {isa = PBXFileReference; explicitFileType = wrapper.application; includeInIndex = 0; path = SectablePhotoUIKit.app; sourceTree = BUILT_PRODUCTS_DIR; };
		A9F0AADD2857D1EF001171F1 /* AppDelegate.swift */ = {isa = PBXFileReference; lastKnownFileType = sourcecode.swift; path = AppDelegate.swift; sourceTree = "<group>"; };
		A9F0AADF2857D1EF001171F1 /* SceneDelegate.swift */ = {isa = PBXFileReference; lastKnownFileType = sourcecode.swift; path = SceneDelegate.swift; sourceTree = "<group>"; };
		A9F0AAE12857D1EF001171F1 /* ViewController.swift */ = {isa = PBXFileReference; lastKnownFileType = sourcecode.swift; path = ViewController.swift; sourceTree = "<group>"; };
		A9F0AAE42857D1EF001171F1 /* Base */ = {isa = PBXFileReference; lastKnownFileType = file.storyboard; name = Base; path = Base.lproj/Main.storyboard; sourceTree = "<group>"; };
		A9F0AAE62857D1F0001171F1 /* Assets.xcassets */ = {isa = PBXFileReference; lastKnownFileType = folder.assetcatalog; path = Assets.xcassets; sourceTree = "<group>"; };
		A9F0AAE92857D1F0001171F1 /* Base */ = {isa = PBXFileReference; lastKnownFileType = file.storyboard; name = Base; path = Base.lproj/LaunchScreen.storyboard; sourceTree = "<group>"; };
		A9F0AAEB2857D1F0001171F1 /* Info.plist */ = {isa = PBXFileReference; lastKnownFileType = text.plist.xml; path = Info.plist; sourceTree = "<group>"; };
/* End PBXFileReference section */

/* Begin PBXFrameworksBuildPhase section */
		A9F0AAD72857D1EF001171F1 /* Frameworks */ = {
			isa = PBXFrameworksBuildPhase;
			buildActionMask = 2147483647;
			files = (
				A9F0AB072857DDB4001171F1 /* PreselectedPhotoUI in Frameworks */,
			);
			runOnlyForDeploymentPostprocessing = 0;
		};
/* End PBXFrameworksBuildPhase section */

/* Begin PBXGroup section */
		A9F0AAD12857D1EF001171F1 = {
			isa = PBXGroup;
			children = (
				A9F0AADC2857D1EF001171F1 /* SectablePhotoUIKit */,
				A9F0AADB2857D1EF001171F1 /* Products */,
			);
			sourceTree = "<group>";
		};
		A9F0AADB2857D1EF001171F1 /* Products */ = {
			isa = PBXGroup;
			children = (
				A9F0AADA2857D1EF001171F1 /* SectablePhotoUIKit.app */,
			);
			name = Products;
			sourceTree = "<group>";
		};
		A9F0AADC2857D1EF001171F1 /* SectablePhotoUIKit */ = {
			isa = PBXGroup;
			children = (
				A9F0AADD2857D1EF001171F1 /* AppDelegate.swift */,
				A9F0AADF2857D1EF001171F1 /* SceneDelegate.swift */,
				A9F0AAE12857D1EF001171F1 /* ViewController.swift */,
				A9F0AAE32857D1EF001171F1 /* Main.storyboard */,
				A9F0AAE62857D1F0001171F1 /* Assets.xcassets */,
				A9F0AAE82857D1F0001171F1 /* LaunchScreen.storyboard */,
				A9F0AAEB2857D1F0001171F1 /* Info.plist */,
			);
			path = SectablePhotoUIKit;
			sourceTree = "<group>";
		};
/* End PBXGroup section */

/* Begin PBXNativeTarget section */
		A9F0AAD92857D1EF001171F1 /* SectablePhotoUIKit */ = {
			isa = PBXNativeTarget;
			buildConfigurationList = A9F0AAEE2857D1F0001171F1 /* Build configuration list for PBXNativeTarget "SectablePhotoUIKit" */;
			buildPhases = (
				A9F0AAD62857D1EF001171F1 /* Sources */,
				A9F0AAD72857D1EF001171F1 /* Frameworks */,
				A9F0AAD82857D1EF001171F1 /* Resources */,
			);
			buildRules = (
			);
			dependencies = (
			);
			name = SectablePhotoUIKit;
			packageProductDependencies = (
				A9F0AB062857DDB4001171F1 /* PreselectedPhotoUI */,
			);
			productName = SectablePhotoUIKit;
			productReference = A9F0AADA2857D1EF001171F1 /* SectablePhotoUIKit.app */;
			productType = "com.apple.product-type.application";
		};
/* End PBXNativeTarget section */

/* Begin PBXProject section */
		A9F0AAD22857D1EF001171F1 /* Project object */ = {
			isa = PBXProject;
			attributes = {
				BuildIndependentTargetsInParallel = 1;
				LastSwiftUpdateCheck = 1330;
				LastUpgradeCheck = 1330;
				TargetAttributes = {
					A9F0AAD92857D1EF001171F1 = {
						CreatedOnToolsVersion = 13.3.1;
					};
				};
			};
			buildConfigurationList = A9F0AAD52857D1EF001171F1 /* Build configuration list for PBXProject "SectablePhotoUIKit" */;
			compatibilityVersion = "Xcode 13.0";
			developmentRegion = en;
			hasScannedForEncodings = 0;
			knownRegions = (
				en,
				Base,
			);
			mainGroup = A9F0AAD12857D1EF001171F1;
			packageReferences = (
				A9F0AB052857DDB4001171F1 /* XCRemoteSwiftPackageReference "preselected-photoui-uikit" */,
			);
			productRefGroup = A9F0AADB2857D1EF001171F1 /* Products */;
			projectDirPath = "";
			projectRoot = "";
			targets = (
				A9F0AAD92857D1EF001171F1 /* SectablePhotoUIKit */,
			);
		};
/* End PBXProject section */

/* Begin PBXResourcesBuildPhase section */
		A9F0AAD82857D1EF001171F1 /* Resources */ = {
			isa = PBXResourcesBuildPhase;
			buildActionMask = 2147483647;
			files = (
				A9F0AAEA2857D1F0001171F1 /* LaunchScreen.storyboard in Resources */,
				A9F0AAE72857D1F0001171F1 /* Assets.xcassets in Resources */,
				A9F0AAE52857D1EF001171F1 /* Main.storyboard in Resources */,
			);
			runOnlyForDeploymentPostprocessing = 0;
		};
/* End PBXResourcesBuildPhase section */

/* Begin PBXSourcesBuildPhase section */
		A9F0AAD62857D1EF001171F1 /* Sources */ = {
			isa = PBXSourcesBuildPhase;
			buildActionMask = 2147483647;
			files = (
				A9F0AAE22857D1EF001171F1 /* ViewController.swift in Sources */,
				A9F0AADE2857D1EF001171F1 /* AppDelegate.swift in Sources */,
				A9F0AAE02857D1EF001171F1 /* SceneDelegate.swift in Sources */,
			);
			runOnlyForDeploymentPostprocessing = 0;
		};
/* End PBXSourcesBuildPhase section */

/* Begin PBXVariantGroup section */
		A9F0AAE32857D1EF001171F1 /* Main.storyboard */ = {
			isa = PBXVariantGroup;
			children = (
				A9F0AAE42857D1EF001171F1 /* Base */,
			);
			name = Main.storyboard;
			sourceTree = "<group>";
		};
		A9F0AAE82857D1F0001171F1 /* LaunchScreen.storyboard */ = {
			isa = PBXVariantGroup;
			children = (
				A9F0AAE92857D1F0001171F1 /* Base */,
			);
			name = LaunchScreen.storyboard;
			sourceTree = "<group>";
		};
/* End PBXVariantGroup section */

/* Begin XCBuildConfiguration section */
		A9F0AAEC2857D1F0001171F1 /* Debug */ = {
			isa = XCBuildConfiguration;
			buildSettings = {
				ALWAYS_SEARCH_USER_PATHS = NO;
				CLANG_ANALYZER_NONNULL = YES;
				CLANG_ANALYZER_NUMBER_OBJECT_CONVERSION = YES_AGGRESSIVE;
				CLANG_CXX_LANGUAGE_STANDARD = "gnu++17";
				CLANG_ENABLE_MODULES = YES;
				CLANG_ENABLE_OBJC_ARC = YES;
				CLANG_ENABLE_OBJC_WEAK = YES;
				CLANG_WARN_BLOCK_CAPTURE_AUTORELEASING = YES;
				CLANG_WARN_BOOL_CONVERSION = YES;
				CLANG_WARN_COMMA = YES;
				CLANG_WARN_CONSTANT_CONVERSION = YES;
				CLANG_WARN_DEPRECATED_OBJC_IMPLEMENTATIONS = YES;
				CLANG_WARN_DIRECT_OBJC_ISA_USAGE = YES_ERROR;
				CLANG_WARN_DOCUMENTATION_COMMENTS = YES;
				CLANG_WARN_EMPTY_BODY = YES;
				CLANG_WARN_ENUM_CONVERSION = YES;
				CLANG_WARN_INFINITE_RECURSION = YES;
				CLANG_WARN_INT_CONVERSION = YES;
				CLANG_WARN_NON_LITERAL_NULL_CONVERSION = YES;
				CLANG_WARN_OBJC_IMPLICIT_RETAIN_SELF = YES;
				CLANG_WARN_OBJC_LITERAL_CONVERSION = YES;
				CLANG_WARN_OBJC_ROOT_CLASS = YES_ERROR;
				CLANG_WARN_QUOTED_INCLUDE_IN_FRAMEWORK_HEADER = YES;
				CLANG_WARN_RANGE_LOOP_ANALYSIS = YES;
				CLANG_WARN_STRICT_PROTOTYPES = YES;
				CLANG_WARN_SUSPICIOUS_MOVE = YES;
				CLANG_WARN_UNGUARDED_AVAILABILITY = YES_AGGRESSIVE;
				CLANG_WARN_UNREACHABLE_CODE = YES;
				CLANG_WARN__DUPLICATE_METHOD_MATCH = YES;
				COPY_PHASE_STRIP = NO;
				DEBUG_INFORMATION_FORMAT = dwarf;
				ENABLE_STRICT_OBJC_MSGSEND = YES;
				ENABLE_TESTABILITY = YES;
				GCC_C_LANGUAGE_STANDARD = gnu11;
				GCC_DYNAMIC_NO_PIC = NO;
				GCC_NO_COMMON_BLOCKS = YES;
				GCC_OPTIMIZATION_LEVEL = 0;
				GCC_PREPROCESSOR_DEFINITIONS = (
					"DEBUG=1",
					"$(inherited)",
				);
				GCC_WARN_64_TO_32_BIT_CONVERSION = YES;
				GCC_WARN_ABOUT_RETURN_TYPE = YES_ERROR;
				GCC_WARN_UNDECLARED_SELECTOR = YES;
				GCC_WARN_UNINITIALIZED_AUTOS = YES_AGGRESSIVE;
				GCC_WARN_UNUSED_FUNCTION = YES;
				GCC_WARN_UNUSED_VARIABLE = YES;
				IPHONEOS_DEPLOYMENT_TARGET = 15.4;
				MTL_ENABLE_DEBUG_INFO = INCLUDE_SOURCE;
				MTL_FAST_MATH = YES;
				ONLY_ACTIVE_ARCH = YES;
				SDKROOT = iphoneos;
				SWIFT_ACTIVE_COMPILATION_CONDITIONS = DEBUG;
				SWIFT_OPTIMIZATION_LEVEL = "-Onone";
			};
			name = Debug;
		};
		A9F0AAED2857D1F0001171F1 /* Release */ = {
			isa = XCBuildConfiguration;
			buildSettings = {
				ALWAYS_SEARCH_USER_PATHS = NO;
				CLANG_ANALYZER_NONNULL = YES;
				CLANG_ANALYZER_NUMBER_OBJECT_CONVERSION = YES_AGGRESSIVE;
				CLANG_CXX_LANGUAGE_STANDARD = "gnu++17";
				CLANG_ENABLE_MODULES = YES;
				CLANG_ENABLE_OBJC_ARC = YES;
				CLANG_ENABLE_OBJC_WEAK = YES;
				CLANG_WARN_BLOCK_CAPTURE_AUTORELEASING = YES;
				CLANG_WARN_BOOL_CONVERSION = YES;
				CLANG_WARN_COMMA = YES;
				CLANG_WARN_CONSTANT_CONVERSION = YES;
				CLANG_WARN_DEPRECATED_OBJC_IMPLEMENTATIONS = YES;
				CLANG_WARN_DIRECT_OBJC_ISA_USAGE = YES_ERROR;
				CLANG_WARN_DOCUMENTATION_COMMENTS = YES;
				CLANG_WARN_EMPTY_BODY = YES;
				CLANG_WARN_ENUM_CONVERSION = YES;
				CLANG_WARN_INFINITE_RECURSION = YES;
				CLANG_WARN_INT_CONVERSION = YES;
				CLANG_WARN_NON_LITERAL_NULL_CONVERSION = YES;
				CLANG_WARN_OBJC_IMPLICIT_RETAIN_SELF = YES;
				CLANG_WARN_OBJC_LITERAL_CONVERSION = YES;
				CLANG_WARN_OBJC_ROOT_CLASS = YES_ERROR;
				CLANG_WARN_QUOTED_INCLUDE_IN_FRAMEWORK_HEADER = YES;
				CLANG_WARN_RANGE_LOOP_ANALYSIS = YES;
				CLANG_WARN_STRICT_PROTOTYPES = YES;
				CLANG_WARN_SUSPICIOUS_MOVE = YES;
				CLANG_WARN_UNGUARDED_AVAILABILITY = YES_AGGRESSIVE;
				CLANG_WARN_UNREACHABLE_CODE = YES;
				CLANG_WARN__DUPLICATE_METHOD_MATCH = YES;
				COPY_PHASE_STRIP = NO;
				DEBUG_INFORMATION_FORMAT = "dwarf-with-dsym";
				ENABLE_NS_ASSERTIONS = NO;
				ENABLE_STRICT_OBJC_MSGSEND = YES;
				GCC_C_LANGUAGE_STANDARD = gnu11;
				GCC_NO_COMMON_BLOCKS = YES;
				GCC_WARN_64_TO_32_BIT_CONVERSION = YES;
				GCC_WARN_ABOUT_RETURN_TYPE = YES_ERROR;
				GCC_WARN_UNDECLARED_SELECTOR = YES;
				GCC_WARN_UNINITIALIZED_AUTOS = YES_AGGRESSIVE;
				GCC_WARN_UNUSED_FUNCTION = YES;
				GCC_WARN_UNUSED_VARIABLE = YES;
				IPHONEOS_DEPLOYMENT_TARGET = 15.4;
				MTL_ENABLE_DEBUG_INFO = NO;
				MTL_FAST_MATH = YES;
				SDKROOT = iphoneos;
				SWIFT_COMPILATION_MODE = wholemodule;
				SWIFT_OPTIMIZATION_LEVEL = "-O";
				VALIDATE_PRODUCT = YES;
			};
			name = Release;
		};
		A9F0AAEF2857D1F0001171F1 /* Debug */ = {
			isa = XCBuildConfiguration;
			buildSettings = {
				ASSETCATALOG_COMPILER_APPICON_NAME = AppIcon;
				ASSETCATALOG_COMPILER_GLOBAL_ACCENT_COLOR_NAME = AccentColor;
				CODE_SIGN_STYLE = Automatic;
				CURRENT_PROJECT_VERSION = 1;
				DEVELOPMENT_TEAM = 77CD4KLN3Y;
				GENERATE_INFOPLIST_FILE = YES;
				INFOPLIST_FILE = SectablePhotoUIKit/Info.plist;
				INFOPLIST_KEY_UIApplicationSupportsIndirectInputEvents = YES;
				INFOPLIST_KEY_UILaunchStoryboardName = LaunchScreen;
				INFOPLIST_KEY_UIMainStoryboardFile = Main;
				INFOPLIST_KEY_UISupportedInterfaceOrientations_iPad = "UIInterfaceOrientationPortrait UIInterfaceOrientationPortraitUpsideDown UIInterfaceOrientationLandscapeLeft UIInterfaceOrientationLandscapeRight";
				INFOPLIST_KEY_UISupportedInterfaceOrientations_iPhone = "UIInterfaceOrientationPortrait UIInterfaceOrientationLandscapeLeft UIInterfaceOrientationLandscapeRight";
				IPHONEOS_DEPLOYMENT_TARGET = 14.0;
				LD_RUNPATH_SEARCH_PATHS = (
					"$(inherited)",
					"@executable_path/Frameworks",
				);
				MARKETING_VERSION = 1.0;
				PRODUCT_BUNDLE_IDENTIFIER = com.jaesung.SectablePhotoUIKit;
				PRODUCT_NAME = "$(TARGET_NAME)";
				SWIFT_EMIT_LOC_STRINGS = YES;
				SWIFT_VERSION = 5.0;
				TARGETED_DEVICE_FAMILY = "1,2";
			};
			name = Debug;
		};
		A9F0AAF02857D1F0001171F1 /* Release */ = {
			isa = XCBuildConfiguration;
			buildSettings = {
				ASSETCATALOG_COMPILER_APPICON_NAME = AppIcon;
				ASSETCATALOG_COMPILER_GLOBAL_ACCENT_COLOR_NAME = AccentColor;
				CODE_SIGN_STYLE = Automatic;
				CURRENT_PROJECT_VERSION = 1;
				DEVELOPMENT_TEAM = 77CD4KLN3Y;
				GENERATE_INFOPLIST_FILE = YES;
				INFOPLIST_FILE = SectablePhotoUIKit/Info.plist;
				INFOPLIST_KEY_UIApplicationSupportsIndirectInputEvents = YES;
				INFOPLIST_KEY_UILaunchStoryboardName = LaunchScreen;
				INFOPLIST_KEY_UIMainStoryboardFile = Main;
				INFOPLIST_KEY_UISupportedInterfaceOrientations_iPad = "UIInterfaceOrientationPortrait UIInterfaceOrientationPortraitUpsideDown UIInterfaceOrientationLandscapeLeft UIInterfaceOrientationLandscapeRight";
				INFOPLIST_KEY_UISupportedInterfaceOrientations_iPhone = "UIInterfaceOrientationPortrait UIInterfaceOrientationLandscapeLeft UIInterfaceOrientationLandscapeRight";
				IPHONEOS_DEPLOYMENT_TARGET = 14.0;
				LD_RUNPATH_SEARCH_PATHS = (
					"$(inherited)",
					"@executable_path/Frameworks",
				);
				MARKETING_VERSION = 1.0;
				PRODUCT_BUNDLE_IDENTIFIER = com.jaesung.SectablePhotoUIKit;
				PRODUCT_NAME = "$(TARGET_NAME)";
				SWIFT_EMIT_LOC_STRINGS = YES;
				SWIFT_VERSION = 5.0;
				TARGETED_DEVICE_FAMILY = "1,2";
			};
			name = Release;
		};
/* End XCBuildConfiguration section */

/* Begin XCConfigurationList section */
		A9F0AAD52857D1EF001171F1 /* Build configuration list for PBXProject "SectablePhotoUIKit" */ = {
			isa = XCConfigurationList;
			buildConfigurations = (
				A9F0AAEC2857D1F0001171F1 /* Debug */,
				A9F0AAED2857D1F0001171F1 /* Release */,
			);
			defaultConfigurationIsVisible = 0;
			defaultConfigurationName = Release;
		};
		A9F0AAEE2857D1F0001171F1 /* Build configuration list for PBXNativeTarget "SectablePhotoUIKit" */ = {
			isa = XCConfigurationList;
			buildConfigurations = (
				A9F0AAEF2857D1F0001171F1 /* Debug */,
				A9F0AAF02857D1F0001171F1 /* Release */,
			);
			defaultConfigurationIsVisible = 0;
			defaultConfigurationName = Release;
		};
/* End XCConfigurationList section */

/* Begin XCRemoteSwiftPackageReference section */
		A9F0AB052857DDB4001171F1 /* XCRemoteSwiftPackageReference "preselected-photoui-uikit" */ = {
			isa = XCRemoteSwiftPackageReference;
			repositoryURL = "https://github.com/jaesung-0o0/preselected-photoui-uikit";
			requirement = {
				kind = upToNextMajorVersion;
				minimumVersion = 1.0.0;
			};
		};
/* End XCRemoteSwiftPackageReference section */

/* Begin XCSwiftPackageProductDependency section */
		A9F0AB062857DDB4001171F1 /* PreselectedPhotoUI */ = {
			isa = XCSwiftPackageProductDependency;
			package = A9F0AB052857DDB4001171F1 /* XCRemoteSwiftPackageReference "preselected-photoui-uikit" */;
			productName = PreselectedPhotoUI;
		};
/* End XCSwiftPackageProductDependency section */
	};
	rootObject = A9F0AAD22857D1EF001171F1 /* Project object */;
}
